
Microsoft Visual Studio Solution File, Format Version 12.00
# Visual Studio Version 17
VisualStudioVersion = 17.12.36227.10
MinimumVisualStudioVersion = 10.0.40219.1
Project("{2150E333-8FDC-42A3-9474-1A3956D46DE8}") = "Presentation", "Presentation", "{37CC6CA3-CDF2-4C39-B88F-F2B5DB7DAA25}"
EndProject
Project("{2150E333-8FDC-42A3-9474-1A3956D46DE8}") = "Application", "Application", "{E95D9C0E-4218-43D6-914F-4827ECABC6D8}"
EndProject
Project("{2150E333-8FDC-42A3-9474-1A3956D46DE8}") = "Domain", "Domain", "{A1A9DC4B-FE92-481C-8EE6-4FD547A7678A}"
EndProject
Project("{2150E333-8FDC-42A3-9474-1A3956D46DE8}") = "Infrastructure", "Infrastructure", "{B529E013-868A-49E2-98F2-9A27D5E7735F}"
EndProject
Project("{2150E333-8FDC-42A3-9474-1A3956D46DE8}") = "Services", "Services", "{D38255F7-194A-4946-9069-4D450DEB2151}"
EndProject
Project("{2150E333-8FDC-42A3-9474-1A3956D46DE8}") = "Contracts", "Contracts", "{ADE2050A-5CD4-466D-B5FA-E14CAD270109}"
EndProject
Project("{2150E333-8FDC-42A3-9474-1A3956D46DE8}") = "Services", "Services", "{CD0CB358-D1F0-4411-A465-7EFC05EFAC63}"
EndProject
Project("{2150E333-8FDC-42A3-9474-1A3956D46DE8}") = "Models", "Models", "{CF56C9C6-75AA-4191-86D1-739F26A7BC9B}"
EndProject
Project("{2150E333-8FDC-42A3-9474-1A3956D46DE8}") = "Persistence", "Persistence", "{1916BD1C-E8D9-462F-A067-B1857951625F}"
EndProject
Project("{FAE04EC0-301F-11D3-BF4B-00C04F79EFBC}") = "INSS.Forms.Domain.Services", "Domain\Services\INSS.Forms.Domain.Services\INSS.Forms.Domain.Services.csproj", "{BFC37430-4108-4635-B37A-509BD74C483B}"
EndProject
Project("{FAE04EC0-301F-11D3-BF4B-00C04F79EFBC}") = "INSS.Forms.Domain.Models", "Domain\Models\INSS.Forms.Domain.Models\INSS.Forms.Domain.Models.csproj", "{7D8F6AEE-A0CB-4BF4-A5FF-5A840C77EB1F}"
EndProject
Project("{FAE04EC0-301F-11D3-BF4B-00C04F79EFBC}") = "INSS.Forms.Application.Contracts", "Application\Contracts\INSS.Forms.Application.Contracts\INSS.Forms.Application.Contracts.csproj", "{6E8ECA72-1C75-46E0-88A9-BD55B8E359E1}"
EndProject
Project("{2150E333-8FDC-42A3-9474-1A3956D46DE8}") = "Database", "Database", "{BAC0DEDA-A4CB-4E09-B950-43320244710B}"
EndProject
Project("{2150E333-8FDC-42A3-9474-1A3956D46DE8}") = "INSS.Forms.Components", "INSS.Forms.Components", "{7F479297-BD8D-4EAF-BC64-1EC2B061F098}"
EndProject
Project("{00D1A9C2-B5F0-4AF3-8072-F6C62B433612}") = "INSS.Forms.Infrastructure.Persistence.Database", "Infrastructure\Persistence\Database\INSS.Forms.Infrastructure.Persistence.Database.sqlproj", "{55B0B07C-7144-4232-8C26-CB44F1315787}"
EndProject
Project("{FAE04EC0-301F-11D3-BF4B-00C04F79EFBC}") = "INSS.Forms.Application.Services.Api", "Application\Services\INSS.Forms.Application.Services.Api\INSS.Forms.Application.Services.Api.csproj", "{15C853E8-BE72-0E61-DFF7-8CD83FAE119F}"
EndProject
Project("{FAE04EC0-301F-11D3-BF4B-00C04F79EFBC}") = "INSS.Forms.Application.Services.Data", "Application\Services\INSS.Forms.Application.Services.Data\INSS.Forms.Application.Services.Data.csproj", "{0827420D-399B-4ECF-2995-CD2AFDAEF8ED}"
EndProject
Project("{2150E333-8FDC-42A3-9474-1A3956D46DE8}") = "INSS.Forms.Launcher", "INSS.Forms.Launcher", "{5D2C601B-CAEA-40C3-9214-238FE7CE9F5B}"
EndProject
Project("{2150E333-8FDC-42A3-9474-1A3956D46DE8}") = "INSS.Forms.Runner", "INSS.Forms.Runner", "{304CB56F-09BC-40B7-B139-6340DA1A8128}"
EndProject
Project("{FAE04EC0-301F-11D3-BF4B-00C04F79EFBC}") = "INSS.Forms.Launcher.WebApp", "Presentation\INSS.Forms.Launcher\INSS.Forms.Launcher.WebApp.csproj", "{E1A86300-5851-44C6-A2E4-4419F7C0A981}"
EndProject
Project("{FAE04EC0-301F-11D3-BF4B-00C04F79EFBC}") = "INSS.Forms.Runner.WebApp", "Presentation\INSS.Forms.Runner\INSS.Forms.Runner.WebApp.csproj", "{28A4B43E-A512-4EA1-B8DF-2B82A118C4BA}"
EndProject
Project("{FAE04EC0-301F-11D3-BF4B-00C04F79EFBC}") = "INSS.Forms.Components", "Presentation\INSS.Forms.Components\INSS.Forms.Components.csproj", "{9E43310A-98C5-4272-A5B6-1D78D71F9F27}"
EndProject
Project("{2150E333-8FDC-42A3-9474-1A3956D46DE8}") = "Common", "Common", "{02EA681E-C7D8-13C7-8484-4AC65E1B71E8}"
EndProject
Project("{FAE04EC0-301F-11D3-BF4B-00C04F79EFBC}") = "INSS.Forms.Application.Common", "Application\Common\INSS.Forms.Application.Common\INSS.Forms.Application.Common.csproj", "{7E032DA6-AFC3-4523-BF1B-8E89445794C8}"
EndProject
Project("{FAE04EC0-301F-11D3-BF4B-00C04F79EFBC}") = "INSS.Forms.RCL", "Presentation\INSS.Forms.RCL\INSS.Forms.RCL.csproj", "{E1E8C5DA-0631-4204-AECB-784FC01CF972}"
EndProject
Project("{FAE04EC0-301F-11D3-BF4B-00C04F79EFBC}") = "INSS.Forms.Runner.Razor", "Presentation\INSS.Forms.Runner.Razor\INSS.Forms.Runner.Razor.csproj", "{CA7A597F-0FE4-4594-B1F8-A806232DA0D7}"
EndProject
Project("{FAE04EC0-301F-11D3-BF4B-00C04F79EFBC}") = "INSS.Forms.Runner.Blazor", "Presentation\INSS.Forms.Runner.Blazor\INSS.Forms.Runner.Blazor.csproj", "{AA79A992-A14B-4911-95DF-6766DFE63B4E}"
EndProject
Project("{FAE04EC0-301F-11D3-BF4B-00C04F79EFBC}") = "INSS.Forms.BCL", "Presentation\INSS.Forms.BCL\INSS.Forms.BCL.csproj", "{ADBAC8D9-4F28-4E7C-851E-0112FEA6CF6F}"
EndProject
Global
	GlobalSection(SolutionConfigurationPlatforms) = preSolution
		Debug|Any CPU = Debug|Any CPU
		Release|Any CPU = Release|Any CPU
	EndGlobalSection
	GlobalSection(ProjectConfigurationPlatforms) = postSolution
		{BFC37430-4108-4635-B37A-509BD74C483B}.Debug|Any CPU.ActiveCfg = Debug|Any CPU
		{BFC37430-4108-4635-B37A-509BD74C483B}.Debug|Any CPU.Build.0 = Debug|Any CPU
		{BFC37430-4108-4635-B37A-509BD74C483B}.Release|Any CPU.ActiveCfg = Release|Any CPU
		{BFC37430-4108-4635-B37A-509BD74C483B}.Release|Any CPU.Build.0 = Release|Any CPU
		{7D8F6AEE-A0CB-4BF4-A5FF-5A840C77EB1F}.Debug|Any CPU.ActiveCfg = Debug|Any CPU
		{7D8F6AEE-A0CB-4BF4-A5FF-5A840C77EB1F}.Debug|Any CPU.Build.0 = Debug|Any CPU
		{7D8F6AEE-A0CB-4BF4-A5FF-5A840C77EB1F}.Release|Any CPU.ActiveCfg = Release|Any CPU
		{7D8F6AEE-A0CB-4BF4-A5FF-5A840C77EB1F}.Release|Any CPU.Build.0 = Release|Any CPU
		{6E8ECA72-1C75-46E0-88A9-BD55B8E359E1}.Debug|Any CPU.ActiveCfg = Debug|Any CPU
		{6E8ECA72-1C75-46E0-88A9-BD55B8E359E1}.Debug|Any CPU.Build.0 = Debug|Any CPU
		{6E8ECA72-1C75-46E0-88A9-BD55B8E359E1}.Release|Any CPU.ActiveCfg = Release|Any CPU
		{6E8ECA72-1C75-46E0-88A9-BD55B8E359E1}.Release|Any CPU.Build.0 = Release|Any CPU
		{55B0B07C-7144-4232-8C26-CB44F1315787}.Debug|Any CPU.ActiveCfg = Debug|Any CPU
		{55B0B07C-7144-4232-8C26-CB44F1315787}.Debug|Any CPU.Build.0 = Debug|Any CPU
		{55B0B07C-7144-4232-8C26-CB44F1315787}.Debug|Any CPU.Deploy.0 = Debug|Any CPU
		{55B0B07C-7144-4232-8C26-CB44F1315787}.Release|Any CPU.ActiveCfg = Release|Any CPU
		{55B0B07C-7144-4232-8C26-CB44F1315787}.Release|Any CPU.Build.0 = Release|Any CPU
		{55B0B07C-7144-4232-8C26-CB44F1315787}.Release|Any CPU.Deploy.0 = Release|Any CPU
		{15C853E8-BE72-0E61-DFF7-8CD83FAE119F}.Debug|Any CPU.ActiveCfg = Debug|Any CPU
		{15C853E8-BE72-0E61-DFF7-8CD83FAE119F}.Debug|Any CPU.Build.0 = Debug|Any CPU
		{15C853E8-BE72-0E61-DFF7-8CD83FAE119F}.Release|Any CPU.ActiveCfg = Release|Any CPU
		{15C853E8-BE72-0E61-DFF7-8CD83FAE119F}.Release|Any CPU.Build.0 = Release|Any CPU
		{0827420D-399B-4ECF-2995-CD2AFDAEF8ED}.Debug|Any CPU.ActiveCfg = Debug|Any CPU
		{0827420D-399B-4ECF-2995-CD2AFDAEF8ED}.Debug|Any CPU.Build.0 = Debug|Any CPU
		{0827420D-399B-4ECF-2995-CD2AFDAEF8ED}.Release|Any CPU.ActiveCfg = Release|Any CPU
		{0827420D-399B-4ECF-2995-CD2AFDAEF8ED}.Release|Any CPU.Build.0 = Release|Any CPU
		{E1A86300-5851-44C6-A2E4-4419F7C0A981}.Debug|Any CPU.ActiveCfg = Debug|Any CPU
		{E1A86300-5851-44C6-A2E4-4419F7C0A981}.Debug|Any CPU.Build.0 = Debug|Any CPU
		{E1A86300-5851-44C6-A2E4-4419F7C0A981}.Release|Any CPU.ActiveCfg = Release|Any CPU
		{E1A86300-5851-44C6-A2E4-4419F7C0A981}.Release|Any CPU.Build.0 = Release|Any CPU
		{28A4B43E-A512-4EA1-B8DF-2B82A118C4BA}.Debug|Any CPU.ActiveCfg = Debug|Any CPU
		{28A4B43E-A512-4EA1-B8DF-2B82A118C4BA}.Debug|Any CPU.Build.0 = Debug|Any CPU
		{28A4B43E-A512-4EA1-B8DF-2B82A118C4BA}.Release|Any CPU.ActiveCfg = Release|Any CPU
		{28A4B43E-A512-4EA1-B8DF-2B82A118C4BA}.Release|Any CPU.Build.0 = Release|Any CPU
		{9E43310A-98C5-4272-A5B6-1D78D71F9F27}.Debug|Any CPU.ActiveCfg = Debug|Any CPU
		{9E43310A-98C5-4272-A5B6-1D78D71F9F27}.Debug|Any CPU.Build.0 = Debug|Any CPU
		{9E43310A-98C5-4272-A5B6-1D78D71F9F27}.Release|Any CPU.ActiveCfg = Release|Any CPU
		{9E43310A-98C5-4272-A5B6-1D78D71F9F27}.Release|Any CPU.Build.0 = Release|Any CPU
		{7E032DA6-AFC3-4523-BF1B-8E89445794C8}.Debug|Any CPU.ActiveCfg = Debug|Any CPU
		{7E032DA6-AFC3-4523-BF1B-8E89445794C8}.Debug|Any CPU.Build.0 = Debug|Any CPU
		{7E032DA6-AFC3-4523-BF1B-8E89445794C8}.Release|Any CPU.ActiveCfg = Release|Any CPU
		{7E032DA6-AFC3-4523-BF1B-8E89445794C8}.Release|Any CPU.Build.0 = Release|Any CPU
		{E1E8C5DA-0631-4204-AECB-784FC01CF972}.Debug|Any CPU.ActiveCfg = Debug|Any CPU
		{E1E8C5DA-0631-4204-AECB-784FC01CF972}.Debug|Any CPU.Build.0 = Debug|Any CPU
		{E1E8C5DA-0631-4204-AECB-784FC01CF972}.Release|Any CPU.ActiveCfg = Release|Any CPU
		{E1E8C5DA-0631-4204-AECB-784FC01CF972}.Release|Any CPU.Build.0 = Release|Any CPU
		{CA7A597F-0FE4-4594-B1F8-A806232DA0D7}.Debug|Any CPU.ActiveCfg = Debug|Any CPU
		{CA7A597F-0FE4-4594-B1F8-A806232DA0D7}.Debug|Any CPU.Build.0 = Debug|Any CPU
		{CA7A597F-0FE4-4594-B1F8-A806232DA0D7}.Release|Any CPU.ActiveCfg = Release|Any CPU
		{CA7A597F-0FE4-4594-B1F8-A806232DA0D7}.Release|Any CPU.Build.0 = Release|Any CPU
		{AA79A992-A14B-4911-95DF-6766DFE63B4E}.Debug|Any CPU.ActiveCfg = Debug|Any CPU
		{AA79A992-A14B-4911-95DF-6766DFE63B4E}.Debug|Any CPU.Build.0 = Debug|Any CPU
		{AA79A992-A14B-4911-95DF-6766DFE63B4E}.Release|Any CPU.ActiveCfg = Release|Any CPU
		{AA79A992-A14B-4911-95DF-6766DFE63B4E}.Release|Any CPU.Build.0 = Release|Any CPU
		{ADBAC8D9-4F28-4E7C-851E-0112FEA6CF6F}.Debug|Any CPU.ActiveCfg = Debug|Any CPU
		{ADBAC8D9-4F28-4E7C-851E-0112FEA6CF6F}.Debug|Any CPU.Build.0 = Debug|Any CPU
		{ADBAC8D9-4F28-4E7C-851E-0112FEA6CF6F}.Release|Any CPU.ActiveCfg = Release|Any CPU
		{ADBAC8D9-4F28-4E7C-851E-0112FEA6CF6F}.Release|Any CPU.Build.0 = Release|Any CPU
	EndGlobalSection
	GlobalSection(SolutionProperties) = preSolution
		HideSolutionNode = FALSE
	EndGlobalSection
	GlobalSection(NestedProjects) = preSolution
		{D38255F7-194A-4946-9069-4D450DEB2151} = {E95D9C0E-4218-43D6-914F-4827ECABC6D8}
		{ADE2050A-5CD4-466D-B5FA-E14CAD270109} = {E95D9C0E-4218-43D6-914F-4827ECABC6D8}
		{CD0CB358-D1F0-4411-A465-7EFC05EFAC63} = {A1A9DC4B-FE92-481C-8EE6-4FD547A7678A}
		{CF56C9C6-75AA-4191-86D1-739F26A7BC9B} = {A1A9DC4B-FE92-481C-8EE6-4FD547A7678A}
		{1916BD1C-E8D9-462F-A067-B1857951625F} = {B529E013-868A-49E2-98F2-9A27D5E7735F}
		{BFC37430-4108-4635-B37A-509BD74C483B} = {CD0CB358-D1F0-4411-A465-7EFC05EFAC63}
		{7D8F6AEE-A0CB-4BF4-A5FF-5A840C77EB1F} = {CF56C9C6-75AA-4191-86D1-739F26A7BC9B}
		{6E8ECA72-1C75-46E0-88A9-BD55B8E359E1} = {ADE2050A-5CD4-466D-B5FA-E14CAD270109}
		{BAC0DEDA-A4CB-4E09-B950-43320244710B} = {1916BD1C-E8D9-462F-A067-B1857951625F}
		{7F479297-BD8D-4EAF-BC64-1EC2B061F098} = {37CC6CA3-CDF2-4C39-B88F-F2B5DB7DAA25}
		{55B0B07C-7144-4232-8C26-CB44F1315787} = {BAC0DEDA-A4CB-4E09-B950-43320244710B}
		{15C853E8-BE72-0E61-DFF7-8CD83FAE119F} = {D38255F7-194A-4946-9069-4D450DEB2151}
		{0827420D-399B-4ECF-2995-CD2AFDAEF8ED} = {D38255F7-194A-4946-9069-4D450DEB2151}
		{5D2C601B-CAEA-40C3-9214-238FE7CE9F5B} = {37CC6CA3-CDF2-4C39-B88F-F2B5DB7DAA25}
		{304CB56F-09BC-40B7-B139-6340DA1A8128} = {37CC6CA3-CDF2-4C39-B88F-F2B5DB7DAA25}
		{E1A86300-5851-44C6-A2E4-4419F7C0A981} = {5D2C601B-CAEA-40C3-9214-238FE7CE9F5B}
		{28A4B43E-A512-4EA1-B8DF-2B82A118C4BA} = {304CB56F-09BC-40B7-B139-6340DA1A8128}
		{9E43310A-98C5-4272-A5B6-1D78D71F9F27} = {7F479297-BD8D-4EAF-BC64-1EC2B061F098}
		{02EA681E-C7D8-13C7-8484-4AC65E1B71E8} = {E95D9C0E-4218-43D6-914F-4827ECABC6D8}
		{7E032DA6-AFC3-4523-BF1B-8E89445794C8} = {02EA681E-C7D8-13C7-8484-4AC65E1B71E8}
		{E1E8C5DA-0631-4204-AECB-784FC01CF972} = {7F479297-BD8D-4EAF-BC64-1EC2B061F098}
		{CA7A597F-0FE4-4594-B1F8-A806232DA0D7} = {304CB56F-09BC-40B7-B139-6340DA1A8128}
		{AA79A992-A14B-4911-95DF-6766DFE63B4E} = {304CB56F-09BC-40B7-B139-6340DA1A8128}
		{ADBAC8D9-4F28-4E7C-851E-0112FEA6CF6F} = {7F479297-BD8D-4EAF-BC64-1EC2B061F098}
	EndGlobalSection
	GlobalSection(ExtensibilityGlobals) = postSolution
		SolutionGuid = {201B97B3-3282-401E-A6F6-64FA448E5589}
	EndGlobalSection
EndGlobal
